
Microsoft Visual Studio Solution File, Format Version 12.00
# Visual Studio Version 16
VisualStudioVersion = 16.0.32228.343
MinimumVisualStudioVersion = 10.0.40219.1
Project("{FAE04EC0-301F-11D3-BF4B-00C04F79EFBC}") = "Yolcu_Bilet_Rezervasyon", "Yolcu_Bilet_Rezervasyon\Yolcu_Bilet_Rezervasyon.csproj", "{3A75AB19-BC5D-4342-9D1E-97821CC5D0A7}"
EndProject
Global
	GlobalSection(SolutionConfigurationPlatforms) = preSolution
		Debug|Any CPU = Debug|Any CPU
		Release|Any CPU = Release|Any CPU
	EndGlobalSection
	GlobalSection(ProjectConfigurationPlatforms) = postSolution
		{3A75AB19-BC5D-4342-9D1E-97821CC5D0A7}.Debug|Any CPU.ActiveCfg = Debug|Any CPU
		{3A75AB19-BC5D-4342-9D1E-97821CC5D0A7}.Debug|Any CPU.Build.0 = Debug|Any CPU
		{3A75AB19-BC5D-4342-9D1E-97821CC5D0A7}.Release|Any CPU.ActiveCfg = Release|Any CPU
		{3A75AB19-BC5D-4342-9D1E-97821CC5D0A7}.Release|Any CPU.Build.0 = Release|Any CPU
	EndGlobalSection
	GlobalSection(SolutionProperties) = preSolution
		HideSolutionNode = FALSE
	EndGlobalSection
	GlobalSection(ExtensibilityGlobals) = postSolution
		SolutionGuid = {DABD61BE-3D62-4568-8758-018D70D11032}
	EndGlobalSection
EndGlobal
